
Microsoft Visual Studio Solution File, Format Version 12.00
# Visual Studio Version 16
VisualStudioVersion = 16.0.30711.63
MinimumVisualStudioVersion = 10.0.40219.1
Project("{FAE04EC0-301F-11D3-BF4B-00C04F79EFBC}") = "Repository", "Repository\Repository.csproj", "{96A2C122-1B3B-475A-BFAC-56A240AA71E5}"
EndProject
Project("{FAE04EC0-301F-11D3-BF4B-00C04F79EFBC}") = "EFRepository", "EFRepository\EFRepository.csproj", "{2D08E9FA-8B59-4563-A10E-75A6EBC62B32}"
EndProject
Project("{FAE04EC0-301F-11D3-BF4B-00C04F79EFBC}") = "Modelo", "Modelo\Modelo.csproj", "{7B937749-2530-4687-A371-BBEB93BFD7EF}"
EndProject
Project("{FAE04EC0-301F-11D3-BF4B-00C04F79EFBC}") = "TestConsole", "TestConsole\TestConsole.csproj", "{48144AA6-E116-413D-98FD-94BF02112EA4}"
EndProject
Global
	GlobalSection(SolutionConfigurationPlatforms) = preSolution
		Debug|Any CPU = Debug|Any CPU
		Release|Any CPU = Release|Any CPU
	EndGlobalSection
	GlobalSection(ProjectConfigurationPlatforms) = postSolution
		{96A2C122-1B3B-475A-BFAC-56A240AA71E5}.Debug|Any CPU.ActiveCfg = Debug|Any CPU
		{96A2C122-1B3B-475A-BFAC-56A240AA71E5}.Debug|Any CPU.Build.0 = Debug|Any CPU
		{96A2C122-1B3B-475A-BFAC-56A240AA71E5}.Release|Any CPU.ActiveCfg = Release|Any CPU
		{96A2C122-1B3B-475A-BFAC-56A240AA71E5}.Release|Any CPU.Build.0 = Release|Any CPU
		{2D08E9FA-8B59-4563-A10E-75A6EBC62B32}.Debug|Any CPU.ActiveCfg = Debug|Any CPU
		{2D08E9FA-8B59-4563-A10E-75A6EBC62B32}.Debug|Any CPU.Build.0 = Debug|Any CPU
		{2D08E9FA-8B59-4563-A10E-75A6EBC62B32}.Release|Any CPU.ActiveCfg = Release|Any CPU
		{2D08E9FA-8B59-4563-A10E-75A6EBC62B32}.Release|Any CPU.Build.0 = Release|Any CPU
		{7B937749-2530-4687-A371-BBEB93BFD7EF}.Debug|Any CPU.ActiveCfg = Debug|Any CPU
		{7B937749-2530-4687-A371-BBEB93BFD7EF}.Debug|Any CPU.Build.0 = Debug|Any CPU
		{7B937749-2530-4687-A371-BBEB93BFD7EF}.Release|Any CPU.ActiveCfg = Release|Any CPU
		{7B937749-2530-4687-A371-BBEB93BFD7EF}.Release|Any CPU.Build.0 = Release|Any CPU
		{48144AA6-E116-413D-98FD-94BF02112EA4}.Debug|Any CPU.ActiveCfg = Debug|Any CPU
		{48144AA6-E116-413D-98FD-94BF02112EA4}.Debug|Any CPU.Build.0 = Debug|Any CPU
		{48144AA6-E116-413D-98FD-94BF02112EA4}.Release|Any CPU.ActiveCfg = Release|Any CPU
		{48144AA6-E116-413D-98FD-94BF02112EA4}.Release|Any CPU.Build.0 = Release|Any CPU
	EndGlobalSection
	GlobalSection(SolutionProperties) = preSolution
		HideSolutionNode = FALSE
	EndGlobalSection
	GlobalSection(ExtensibilityGlobals) = postSolution
		SolutionGuid = {9339BBDB-272D-4AAB-9C92-938F733179DE}
	EndGlobalSection
EndGlobal
